
Microsoft Visual Studio Solution File, Format Version 12.00
# Visual Studio Version 17
VisualStudioVersion = 17.7.34009.444
MinimumVisualStudioVersion = 10.0.40219.1
Project("{FAE04EC0-301F-11D3-BF4B-00C04F79EFBC}") = "Lektion01", "Lektion1\Lektion01.csproj", "{9B02E0F9-0FD0-49E9-A47D-D72D518ED6FA}"
EndProject
Project("{FAE04EC0-301F-11D3-BF4B-00C04F79EFBC}") = "Mylibrary", "Mylibrary2\Mylibrary.csproj", "{9A1066A7-9FF9-45DE-B8DA-5AC54DAEC9C1}"
EndProject
Project("{FAE04EC0-301F-11D3-BF4B-00C04F79EFBC}") = "Lektion02", "Lektion02\Lektion02.csproj", "{E0A575A8-C303-483A-BCDB-E75D87F0C9D5}"
EndProject
Project("{FAE04EC0-301F-11D3-BF4B-00C04F79EFBC}") = "Lektion03", "Lektion03\Lektion03.csproj", "{BC0DB5D2-9040-4B42-A5C6-D4972619CF49}"
EndProject
Project("{FAE04EC0-301F-11D3-BF4B-00C04F79EFBC}") = "Lektion03_1", "Lektion03_1\Lektion03_1.csproj", "{1502AE27-6F16-4EA2-9520-E9C8F2DB8DFF}"
EndProject
Project("{FAE04EC0-301F-11D3-BF4B-00C04F79EFBC}") = "Lektion04", "Lektion04\Lektion04.csproj", "{EFA8C8F1-FDBC-450F-9C71-D5478C5D6EBD}"
EndProject
Project("{FAE04EC0-301F-11D3-BF4B-00C04F79EFBC}") = "Lektion04_1", "Lektion04_1\Lektion04_1.csproj", "{A6811DD0-0926-4458-AED3-10F938C0BB67}"
EndProject
Project("{FAE04EC0-301F-11D3-BF4B-00C04F79EFBC}") = "Lektion04_2", "Lektion04_2\Lektion04_2.csproj", "{2E879DCE-08C2-42CB-8173-72F1F36AC596}"
EndProject
Project("{FAE04EC0-301F-11D3-BF4B-00C04F79EFBC}") = "Lektion05", "Lektion05\Lektion05.csproj", "{FBA939BD-31CE-43CE-8719-0EF03D4D890C}"
EndProject
Project("{2150E333-8FDC-42A3-9474-1A3956D46DE8}") = "L09 - Vertica", "L09 - Vertica", "{BF6DD444-A4A3-4552-9A76-CD425E209758}"
EndProject
Project("{FAE04EC0-301F-11D3-BF4B-00C04F79EFBC}") = "Vertica", "Vertica\Vertica.csproj", "{E7238DDB-9E67-40F4-8703-0648EA4A3CAB}"
EndProject
Project("{2150E333-8FDC-42A3-9474-1A3956D46DE8}") = "L01 - Introduction to C#", "L01 - Introduction to C#", "{1A0E7CB8-3BC4-406F-9EA1-0CCF6E10D3F1}"
EndProject
Project("{2150E333-8FDC-42A3-9474-1A3956D46DE8}") = "L02 - Language Construction", "L02 - Language Construction", "{6D931B0F-B2DD-4F33-A363-986996ECCA62}"
EndProject
Project("{2150E333-8FDC-42A3-9474-1A3956D46DE8}") = "L03 - Object Orientation", "L03 - Object Orientation", "{11F572AD-9358-4A23-8308-263496016ADF}"
EndProject
Project("{2150E333-8FDC-42A3-9474-1A3956D46DE8}") = "L04 - Delegates", "L04 - Delegates", "{6E132211-028D-47AD-A935-ACAF44DD1880}"
EndProject
Project("{2150E333-8FDC-42A3-9474-1A3956D46DE8}") = "L05 - LINQ", "L05 - LINQ", "{04E374FE-CD4B-4A41-852C-ECB50D979568}"
EndProject
Global
	GlobalSection(SolutionConfigurationPlatforms) = preSolution
		Debug|Any CPU = Debug|Any CPU
		Release|Any CPU = Release|Any CPU
	EndGlobalSection
	GlobalSection(ProjectConfigurationPlatforms) = postSolution
		{9B02E0F9-0FD0-49E9-A47D-D72D518ED6FA}.Debug|Any CPU.ActiveCfg = Debug|Any CPU
		{9B02E0F9-0FD0-49E9-A47D-D72D518ED6FA}.Debug|Any CPU.Build.0 = Debug|Any CPU
		{9B02E0F9-0FD0-49E9-A47D-D72D518ED6FA}.Release|Any CPU.ActiveCfg = Release|Any CPU
		{9B02E0F9-0FD0-49E9-A47D-D72D518ED6FA}.Release|Any CPU.Build.0 = Release|Any CPU
		{9A1066A7-9FF9-45DE-B8DA-5AC54DAEC9C1}.Debug|Any CPU.ActiveCfg = Debug|Any CPU
		{9A1066A7-9FF9-45DE-B8DA-5AC54DAEC9C1}.Debug|Any CPU.Build.0 = Debug|Any CPU
		{9A1066A7-9FF9-45DE-B8DA-5AC54DAEC9C1}.Release|Any CPU.ActiveCfg = Release|Any CPU
		{9A1066A7-9FF9-45DE-B8DA-5AC54DAEC9C1}.Release|Any CPU.Build.0 = Release|Any CPU
		{E0A575A8-C303-483A-BCDB-E75D87F0C9D5}.Debug|Any CPU.ActiveCfg = Debug|Any CPU
		{E0A575A8-C303-483A-BCDB-E75D87F0C9D5}.Debug|Any CPU.Build.0 = Debug|Any CPU
		{E0A575A8-C303-483A-BCDB-E75D87F0C9D5}.Release|Any CPU.ActiveCfg = Release|Any CPU
		{E0A575A8-C303-483A-BCDB-E75D87F0C9D5}.Release|Any CPU.Build.0 = Release|Any CPU
		{BC0DB5D2-9040-4B42-A5C6-D4972619CF49}.Debug|Any CPU.ActiveCfg = Debug|Any CPU
		{BC0DB5D2-9040-4B42-A5C6-D4972619CF49}.Debug|Any CPU.Build.0 = Debug|Any CPU
		{BC0DB5D2-9040-4B42-A5C6-D4972619CF49}.Release|Any CPU.ActiveCfg = Release|Any CPU
		{BC0DB5D2-9040-4B42-A5C6-D4972619CF49}.Release|Any CPU.Build.0 = Release|Any CPU
		{1502AE27-6F16-4EA2-9520-E9C8F2DB8DFF}.Debug|Any CPU.ActiveCfg = Debug|Any CPU
		{1502AE27-6F16-4EA2-9520-E9C8F2DB8DFF}.Debug|Any CPU.Build.0 = Debug|Any CPU
		{1502AE27-6F16-4EA2-9520-E9C8F2DB8DFF}.Release|Any CPU.ActiveCfg = Release|Any CPU
		{1502AE27-6F16-4EA2-9520-E9C8F2DB8DFF}.Release|Any CPU.Build.0 = Release|Any CPU
		{EFA8C8F1-FDBC-450F-9C71-D5478C5D6EBD}.Debug|Any CPU.ActiveCfg = Debug|Any CPU
		{EFA8C8F1-FDBC-450F-9C71-D5478C5D6EBD}.Debug|Any CPU.Build.0 = Debug|Any CPU
		{EFA8C8F1-FDBC-450F-9C71-D5478C5D6EBD}.Release|Any CPU.ActiveCfg = Release|Any CPU
		{EFA8C8F1-FDBC-450F-9C71-D5478C5D6EBD}.Release|Any CPU.Build.0 = Release|Any CPU
		{A6811DD0-0926-4458-AED3-10F938C0BB67}.Debug|Any CPU.ActiveCfg = Debug|Any CPU
		{A6811DD0-0926-4458-AED3-10F938C0BB67}.Debug|Any CPU.Build.0 = Debug|Any CPU
		{A6811DD0-0926-4458-AED3-10F938C0BB67}.Release|Any CPU.ActiveCfg = Release|Any CPU
		{A6811DD0-0926-4458-AED3-10F938C0BB67}.Release|Any CPU.Build.0 = Release|Any CPU
		{2E879DCE-08C2-42CB-8173-72F1F36AC596}.Debug|Any CPU.ActiveCfg = Debug|Any CPU
		{2E879DCE-08C2-42CB-8173-72F1F36AC596}.Debug|Any CPU.Build.0 = Debug|Any CPU
		{2E879DCE-08C2-42CB-8173-72F1F36AC596}.Release|Any CPU.ActiveCfg = Release|Any CPU
		{2E879DCE-08C2-42CB-8173-72F1F36AC596}.Release|Any CPU.Build.0 = Release|Any CPU
		{FBA939BD-31CE-43CE-8719-0EF03D4D890C}.Debug|Any CPU.ActiveCfg = Debug|Any CPU
		{FBA939BD-31CE-43CE-8719-0EF03D4D890C}.Debug|Any CPU.Build.0 = Debug|Any CPU
		{FBA939BD-31CE-43CE-8719-0EF03D4D890C}.Release|Any CPU.ActiveCfg = Release|Any CPU
		{FBA939BD-31CE-43CE-8719-0EF03D4D890C}.Release|Any CPU.Build.0 = Release|Any CPU
		{E7238DDB-9E67-40F4-8703-0648EA4A3CAB}.Debug|Any CPU.ActiveCfg = Debug|Any CPU
		{E7238DDB-9E67-40F4-8703-0648EA4A3CAB}.Debug|Any CPU.Build.0 = Debug|Any CPU
		{E7238DDB-9E67-40F4-8703-0648EA4A3CAB}.Release|Any CPU.ActiveCfg = Release|Any CPU
		{E7238DDB-9E67-40F4-8703-0648EA4A3CAB}.Release|Any CPU.Build.0 = Release|Any CPU
	EndGlobalSection
	GlobalSection(SolutionProperties) = preSolution
		HideSolutionNode = FALSE
	EndGlobalSection
	GlobalSection(NestedProjects) = preSolution
		{9B02E0F9-0FD0-49E9-A47D-D72D518ED6FA} = {1A0E7CB8-3BC4-406F-9EA1-0CCF6E10D3F1}
		{E0A575A8-C303-483A-BCDB-E75D87F0C9D5} = {6D931B0F-B2DD-4F33-A363-986996ECCA62}
		{BC0DB5D2-9040-4B42-A5C6-D4972619CF49} = {11F572AD-9358-4A23-8308-263496016ADF}
		{1502AE27-6F16-4EA2-9520-E9C8F2DB8DFF} = {11F572AD-9358-4A23-8308-263496016ADF}
		{EFA8C8F1-FDBC-450F-9C71-D5478C5D6EBD} = {6E132211-028D-47AD-A935-ACAF44DD1880}
		{A6811DD0-0926-4458-AED3-10F938C0BB67} = {6E132211-028D-47AD-A935-ACAF44DD1880}
		{2E879DCE-08C2-42CB-8173-72F1F36AC596} = {6E132211-028D-47AD-A935-ACAF44DD1880}
		{FBA939BD-31CE-43CE-8719-0EF03D4D890C} = {04E374FE-CD4B-4A41-852C-ECB50D979568}
		{E7238DDB-9E67-40F4-8703-0648EA4A3CAB} = {BF6DD444-A4A3-4552-9A76-CD425E209758}
	EndGlobalSection
	GlobalSection(ExtensibilityGlobals) = postSolution
		SolutionGuid = {487455E7-6464-42DD-BA6D-5A0B106AA537}
	EndGlobalSection
EndGlobal
